
Microsoft Visual Studio Solution File, Format Version 12.00
Project("{FAE04EC0-301F-11D3-BF4B-00C04F79EFBC}") = "Chapter1.SimUDuck", "Chapter1.SimUDuck\Chapter1.SimUDuck.csproj", "{2BF17A01-28E1-4C6A-8242-94FA1DFA556B}"
EndProject
Project("{FAE04EC0-301F-11D3-BF4B-00C04F79EFBC}") = "Chapter2.WeatherStation", "Chapter2.WeatherStation\Chapter2.WeatherStation.csproj", "{C66551E5-A499-47DE-A360-FC0F409E54D7}"
EndProject
Project("{FAE04EC0-301F-11D3-BF4B-00C04F79EFBC}") = "Chapter3.Starbuzz", "Chapter3.Starbuzz\Chapter3.Starbuzz.csproj", "{71ABBB30-ABF0-46F8-AE60-3918746204D9}"
EndProject
Global
	GlobalSection(SolutionConfigurationPlatforms) = preSolution
		Debug|Any CPU = Debug|Any CPU
		Release|Any CPU = Release|Any CPU
	EndGlobalSection
	GlobalSection(ProjectConfigurationPlatforms) = postSolution
		{2BF17A01-28E1-4C6A-8242-94FA1DFA556B}.Debug|Any CPU.ActiveCfg = Debug|Any CPU
		{2BF17A01-28E1-4C6A-8242-94FA1DFA556B}.Debug|Any CPU.Build.0 = Debug|Any CPU
		{2BF17A01-28E1-4C6A-8242-94FA1DFA556B}.Release|Any CPU.ActiveCfg = Release|Any CPU
		{2BF17A01-28E1-4C6A-8242-94FA1DFA556B}.Release|Any CPU.Build.0 = Release|Any CPU
		{C66551E5-A499-47DE-A360-FC0F409E54D7}.Debug|Any CPU.ActiveCfg = Debug|Any CPU
		{C66551E5-A499-47DE-A360-FC0F409E54D7}.Debug|Any CPU.Build.0 = Debug|Any CPU
		{C66551E5-A499-47DE-A360-FC0F409E54D7}.Release|Any CPU.ActiveCfg = Release|Any CPU
		{C66551E5-A499-47DE-A360-FC0F409E54D7}.Release|Any CPU.Build.0 = Release|Any CPU
		{71ABBB30-ABF0-46F8-AE60-3918746204D9}.Debug|Any CPU.ActiveCfg = Debug|Any CPU
		{71ABBB30-ABF0-46F8-AE60-3918746204D9}.Debug|Any CPU.Build.0 = Debug|Any CPU
		{71ABBB30-ABF0-46F8-AE60-3918746204D9}.Release|Any CPU.ActiveCfg = Release|Any CPU
		{71ABBB30-ABF0-46F8-AE60-3918746204D9}.Release|Any CPU.Build.0 = Release|Any CPU
	EndGlobalSection
EndGlobal
